
Microsoft Visual Studio Solution File, Format Version 12.00
# Visual Studio Version 17
VisualStudioVersion = 17.12.35707.178
MinimumVisualStudioVersion = 10.0.40219.1
Project("{FAE04EC0-301F-11D3-BF4B-00C04F79EFBC}") = "RangeTask", "RangeTask\RangeTask.csproj", "{F4502D74-6E76-48A3-B6F4-B34FBA4923B4}"
EndProject
Project("{FAE04EC0-301F-11D3-BF4B-00C04F79EFBC}") = "ShapesTask", "ShapesTask\ShapesTask.csproj", "{2295BFD8-E17B-47D3-9318-EDEE8E446D4D}"
EndProject
Project("{FAE04EC0-301F-11D3-BF4B-00C04F79EFBC}") = "VectorTask", "VectorTask\VectorTask.csproj", "{C6EC028C-473B-48D1-B3B4-337F11BF1F38}"
EndProject
Project("{FAE04EC0-301F-11D3-BF4B-00C04F79EFBC}") = "MatrixTask", "MatrixTask\MatrixTask.csproj", "{AE9B99C7-096C-4F4D-ADEA-B9BFCB5DCEB1}"
EndProject
Project("{FAE04EC0-301F-11D3-BF4B-00C04F79EFBC}") = "ArrayListHomeTask", "ArrayListHome\ArrayListHomeTask.csproj", "{FABDB5C5-F2CD-4AA8-96E3-C7F1D6CCCBCA}"
EndProject
Global
	GlobalSection(SolutionConfigurationPlatforms) = preSolution
		Debug|Any CPU = Debug|Any CPU
		Release|Any CPU = Release|Any CPU
	EndGlobalSection
	GlobalSection(ProjectConfigurationPlatforms) = postSolution
		{F4502D74-6E76-48A3-B6F4-B34FBA4923B4}.Debug|Any CPU.ActiveCfg = Debug|Any CPU
		{F4502D74-6E76-48A3-B6F4-B34FBA4923B4}.Debug|Any CPU.Build.0 = Debug|Any CPU
		{F4502D74-6E76-48A3-B6F4-B34FBA4923B4}.Release|Any CPU.ActiveCfg = Release|Any CPU
		{F4502D74-6E76-48A3-B6F4-B34FBA4923B4}.Release|Any CPU.Build.0 = Release|Any CPU
		{2295BFD8-E17B-47D3-9318-EDEE8E446D4D}.Debug|Any CPU.ActiveCfg = Debug|Any CPU
		{2295BFD8-E17B-47D3-9318-EDEE8E446D4D}.Debug|Any CPU.Build.0 = Debug|Any CPU
		{2295BFD8-E17B-47D3-9318-EDEE8E446D4D}.Release|Any CPU.ActiveCfg = Release|Any CPU
		{2295BFD8-E17B-47D3-9318-EDEE8E446D4D}.Release|Any CPU.Build.0 = Release|Any CPU
		{C6EC028C-473B-48D1-B3B4-337F11BF1F38}.Debug|Any CPU.ActiveCfg = Debug|Any CPU
		{C6EC028C-473B-48D1-B3B4-337F11BF1F38}.Debug|Any CPU.Build.0 = Debug|Any CPU
		{C6EC028C-473B-48D1-B3B4-337F11BF1F38}.Release|Any CPU.ActiveCfg = Release|Any CPU
		{C6EC028C-473B-48D1-B3B4-337F11BF1F38}.Release|Any CPU.Build.0 = Release|Any CPU
		{AE9B99C7-096C-4F4D-ADEA-B9BFCB5DCEB1}.Debug|Any CPU.ActiveCfg = Debug|Any CPU
		{AE9B99C7-096C-4F4D-ADEA-B9BFCB5DCEB1}.Debug|Any CPU.Build.0 = Debug|Any CPU
		{AE9B99C7-096C-4F4D-ADEA-B9BFCB5DCEB1}.Release|Any CPU.ActiveCfg = Release|Any CPU
		{AE9B99C7-096C-4F4D-ADEA-B9BFCB5DCEB1}.Release|Any CPU.Build.0 = Release|Any CPU
		{FABDB5C5-F2CD-4AA8-96E3-C7F1D6CCCBCA}.Debug|Any CPU.ActiveCfg = Debug|Any CPU
		{FABDB5C5-F2CD-4AA8-96E3-C7F1D6CCCBCA}.Debug|Any CPU.Build.0 = Debug|Any CPU
		{FABDB5C5-F2CD-4AA8-96E3-C7F1D6CCCBCA}.Release|Any CPU.ActiveCfg = Release|Any CPU
		{FABDB5C5-F2CD-4AA8-96E3-C7F1D6CCCBCA}.Release|Any CPU.Build.0 = Release|Any CPU
	EndGlobalSection
	GlobalSection(SolutionProperties) = preSolution
		HideSolutionNode = FALSE
	EndGlobalSection
EndGlobal
